
Microsoft Visual Studio Solution File, Format Version 12.00
# Visual Studio Version 17
VisualStudioVersion = 17.0.31421.11
MinimumVisualStudioVersion = 10.0.40219.1
Project("{9A19103F-16F7-4668-BE54-9A1E7A4F7556}") = "MinimalApiPlayground", "MinimalApiPlayground\MinimalApiPlayground.csproj", "{19A38DC9-9AEB-4F4F-911E-4403EFFBCC13}"
EndProject
Project("{2150E333-8FDC-42A3-9474-1A3956D46DE8}") = "Solution Items", "Solution Items", "{36DE0A39-6238-45C0-8931-3BB3039789DF}"
	ProjectSection(SolutionItems) = preProject
		nuget.config = nuget.config
	EndProjectSection
EndProject
Project("{9A19103F-16F7-4668-BE54-9A1E7A4F7556}") = "Todo.Dapper", "src\Todo.Dapper\Todo.Dapper.csproj", "{CCB44C1C-AFAE-4A1C-8FFC-C2EF59A11C34}"
EndProject
Project("{9A19103F-16F7-4668-BE54-9A1E7A4F7556}") = "Todo.EFCore", "src\Todo.EFCore\Todo.EFCore.csproj", "{86F92BD2-A904-45C2-A7EC-E14B0C8803A6}"
EndProject
Global
	GlobalSection(SolutionConfigurationPlatforms) = preSolution
		Debug|Any CPU = Debug|Any CPU
		Release|Any CPU = Release|Any CPU
	EndGlobalSection
	GlobalSection(ProjectConfigurationPlatforms) = postSolution
		{19A38DC9-9AEB-4F4F-911E-4403EFFBCC13}.Debug|Any CPU.ActiveCfg = Debug|Any CPU
		{19A38DC9-9AEB-4F4F-911E-4403EFFBCC13}.Debug|Any CPU.Build.0 = Debug|Any CPU
		{19A38DC9-9AEB-4F4F-911E-4403EFFBCC13}.Release|Any CPU.ActiveCfg = Release|Any CPU
		{19A38DC9-9AEB-4F4F-911E-4403EFFBCC13}.Release|Any CPU.Build.0 = Release|Any CPU
		{CCB44C1C-AFAE-4A1C-8FFC-C2EF59A11C34}.Debug|Any CPU.ActiveCfg = Debug|Any CPU
		{CCB44C1C-AFAE-4A1C-8FFC-C2EF59A11C34}.Debug|Any CPU.Build.0 = Debug|Any CPU
		{CCB44C1C-AFAE-4A1C-8FFC-C2EF59A11C34}.Release|Any CPU.ActiveCfg = Release|Any CPU
		{CCB44C1C-AFAE-4A1C-8FFC-C2EF59A11C34}.Release|Any CPU.Build.0 = Release|Any CPU
		{86F92BD2-A904-45C2-A7EC-E14B0C8803A6}.Debug|Any CPU.ActiveCfg = Debug|Any CPU
		{86F92BD2-A904-45C2-A7EC-E14B0C8803A6}.Debug|Any CPU.Build.0 = Debug|Any CPU
		{86F92BD2-A904-45C2-A7EC-E14B0C8803A6}.Release|Any CPU.ActiveCfg = Release|Any CPU
		{86F92BD2-A904-45C2-A7EC-E14B0C8803A6}.Release|Any CPU.Build.0 = Release|Any CPU
	EndGlobalSection
	GlobalSection(SolutionProperties) = preSolution
		HideSolutionNode = FALSE
	EndGlobalSection
	GlobalSection(ExtensibilityGlobals) = postSolution
		SolutionGuid = {A5280A9C-84E5-4FCB-826A-00869EF0B4D8}
	EndGlobalSection
EndGlobal
