
Microsoft Visual Studio Solution File, Format Version 12.00
# Visual Studio Version 17
VisualStudioVersion = 17.0.31421.11
MinimumVisualStudioVersion = 10.0.40219.1
Project("{9A19103F-16F7-4668-BE54-9A1E7A4F7556}") = "MinimalApiPlayground", "MinimalApiPlayground\MinimalApiPlayground.csproj", "{19A38DC9-9AEB-4F4F-911E-4403EFFBCC13}"
EndProject
Global
	GlobalSection(SolutionConfigurationPlatforms) = preSolution
		Debug|Any CPU = Debug|Any CPU
		Release|Any CPU = Release|Any CPU
	EndGlobalSection
	GlobalSection(ProjectConfigurationPlatforms) = postSolution
		{19A38DC9-9AEB-4F4F-911E-4403EFFBCC13}.Debug|Any CPU.ActiveCfg = Debug|Any CPU
		{19A38DC9-9AEB-4F4F-911E-4403EFFBCC13}.Debug|Any CPU.Build.0 = Debug|Any CPU
		{19A38DC9-9AEB-4F4F-911E-4403EFFBCC13}.Release|Any CPU.ActiveCfg = Release|Any CPU
		{19A38DC9-9AEB-4F4F-911E-4403EFFBCC13}.Release|Any CPU.Build.0 = Release|Any CPU
	EndGlobalSection
	GlobalSection(SolutionProperties) = preSolution
		HideSolutionNode = FALSE
	EndGlobalSection
	GlobalSection(ExtensibilityGlobals) = postSolution
		SolutionGuid = {A5280A9C-84E5-4FCB-826A-00869EF0B4D8}
	EndGlobalSection
EndGlobal
